// !$*UTF8*$!
{
	archiveVersion = 1;
	classes = {
	};
	objectVersion = 50;
	objects = {

/* Begin PBXBuildFile section */
		3F5F45D9261726F2002D7200 /* AppDelegate.swift in Sources */ = {isa = PBXBuildFile; fileRef = 3F5F45D8261726F2002D7200 /* AppDelegate.swift */; };
		3F5F45DB261726F2002D7200 /* SceneDelegate.swift in Sources */ = {isa = PBXBuildFile; fileRef = 3F5F45DA261726F2002D7200 /* SceneDelegate.swift */; };
		3F5F45DD261726F2002D7200 /* ViewController.swift in Sources */ = {isa = PBXBuildFile; fileRef = 3F5F45DC261726F2002D7200 /* ViewController.swift */; };
		3F5F45E0261726F2002D7200 /* Main.storyboard in Resources */ = {isa = PBXBuildFile; fileRef = 3F5F45DE261726F2002D7200 /* Main.storyboard */; };
		3F5F45E3261726F2002D7200 /* Bmi1.xcdatamodeld in Sources */ = {isa = PBXBuildFile; fileRef = 3F5F45E1261726F2002D7200 /* Bmi1.xcdatamodeld */; };
		3F5F45E5261726F2002D7200 /* Assets.xcassets in Resources */ = {isa = PBXBuildFile; fileRef = 3F5F45E4261726F2002D7200 /* Assets.xcassets */; };
		3F5F45E8261726F2002D7200 /* LaunchScreen.storyboard in Resources */ = {isa = PBXBuildFile; fileRef = 3F5F45E6261726F2002D7200 /* LaunchScreen.storyboard */; };
/* End PBXBuildFile section */

/* Begin PBXFileReference section */
		3F5F45D5261726F2002D7200 /* Bmi1.app */ = {isa = PBXFileReference; explicitFileType = wrapper.application; includeInIndex = 0; path = Bmi1.app; sourceTree = BUILT_PRODUCTS_DIR; };
		3F5F45D8261726F2002D7200 /* AppDelegate.swift */ = {isa = PBXFileReference; lastKnownFileType = sourcecode.swift; path = AppDelegate.swift; sourceTree = "<group>"; };
		3F5F45DA261726F2002D7200 /* SceneDelegate.swift */ = {isa = PBXFileReference; lastKnownFileType = sourcecode.swift; path = SceneDelegate.swift; sourceTree = "<group>"; };
		3F5F45DC261726F2002D7200 /* ViewController.swift */ = {isa = PBXFileReference; lastKnownFileType = sourcecode.swift; path = ViewController.swift; sourceTree = "<group>"; };
		3F5F45DF261726F2002D7200 /* Base */ = {isa = PBXFileReference; lastKnownFileType = file.storyboard; name = Base; path = Base.lproj/Main.storyboard; sourceTree = "<group>"; };
		3F5F45E2261726F2002D7200 /* Bmi1.xcdatamodel */ = {isa = PBXFileReference; lastKnownFileType = wrapper.xcdatamodel; path = Bmi1.xcdatamodel; sourceTree = "<group>"; };
		3F5F45E4261726F2002D7200 /* Assets.xcassets */ = {isa = PBXFileReference; lastKnownFileType = folder.assetcatalog; path = Assets.xcassets; sourceTree = "<group>"; };
		3F5F45E7261726F2002D7200 /* Base */ = {isa = PBXFileReference; lastKnownFileType = file.storyboard; name = Base; path = Base.lproj/LaunchScreen.storyboard; sourceTree = "<group>"; };
		3F5F45E9261726F2002D7200 /* Info.plist */ = {isa = PBXFileReference; lastKnownFileType = text.plist.xml; path = Info.plist; sourceTree = "<group>"; };
/* End PBXFileReference section */

/* Begin PBXFrameworksBuildPhase section */
		3F5F45D2261726F2002D7200 /* Frameworks */ = {
			isa = PBXFrameworksBuildPhase;
			buildActionMask = 2147483647;
			files = (
			);
			runOnlyForDeploymentPostprocessing = 0;
		};
/* End PBXFrameworksBuildPhase section */

/* Begin PBXGroup section */
		3F5F45CC261726F2002D7200 = {
			isa = PBXGroup;
			children = (
				3F5F45D7261726F2002D7200 /* Bmi1 */,
				3F5F45D6261726F2002D7200 /* Products */,
			);
			sourceTree = "<group>";
		};
		3F5F45D6261726F2002D7200 /* Products */ = {
			isa = PBXGroup;
			children = (
				3F5F45D5261726F2002D7200 /* Bmi1.app */,
			);
			name = Products;
			sourceTree = "<group>";
		};
		3F5F45D7261726F2002D7200 /* Bmi1 */ = {
			isa = PBXGroup;
			children = (
				3F5F45D8261726F2002D7200 /* AppDelegate.swift */,
				3F5F45DA261726F2002D7200 /* SceneDelegate.swift */,
				3F5F45DC261726F2002D7200 /* ViewController.swift */,
				3F5F45DE261726F2002D7200 /* Main.storyboard */,
				3F5F45E4261726F2002D7200 /* Assets.xcassets */,
				3F5F45E6261726F2002D7200 /* LaunchScreen.storyboard */,
				3F5F45E9261726F2002D7200 /* Info.plist */,
				3F5F45E1261726F2002D7200 /* Bmi1.xcdatamodeld */,
			);
			path = Bmi1;
			sourceTree = "<group>";
		};
/* End PBXGroup section */

/* Begin PBXNativeTarget section */
		3F5F45D4261726F2002D7200 /* Bmi1 */ = {
			isa = PBXNativeTarget;
			buildConfigurationList = 3F5F45EC261726F2002D7200 /* Build configuration list for PBXNativeTarget "Bmi1" */;
			buildPhases = (
				3F5F45D1261726F2002D7200 /* Sources */,
				3F5F45D2261726F2002D7200 /* Frameworks */,
				3F5F45D3261726F2002D7200 /* Resources */,
			);
			buildRules = (
			);
			dependencies = (
			);
			name = Bmi1;
			productName = Bmi1;
			productReference = 3F5F45D5261726F2002D7200 /* Bmi1.app */;
			productType = "com.apple.product-type.application";
		};
/* End PBXNativeTarget section */

/* Begin PBXProject section */
		3F5F45CD261726F2002D7200 /* Project object */ = {
			isa = PBXProject;
			attributes = {
				LastSwiftUpdateCheck = 1240;
				LastUpgradeCheck = 1240;
				TargetAttributes = {
					3F5F45D4261726F2002D7200 = {
						CreatedOnToolsVersion = 12.4;
					};
				};
			};
			buildConfigurationList = 3F5F45D0261726F2002D7200 /* Build configuration list for PBXProject "Bmi1" */;
			compatibilityVersion = "Xcode 9.3";
			developmentRegion = en;
			hasScannedForEncodings = 0;
			knownRegions = (
				en,
				Base,
			);
			mainGroup = 3F5F45CC261726F2002D7200;
			productRefGroup = 3F5F45D6261726F2002D7200 /* Products */;
			projectDirPath = "";
			projectRoot = "";
			targets = (
				3F5F45D4261726F2002D7200 /* Bmi1 */,
			);
		};
/* End PBXProject section */

/* Begin PBXResourcesBuildPhase section */
		3F5F45D3261726F2002D7200 /* Resources */ = {
			isa = PBXResourcesBuildPhase;
			buildActionMask = 2147483647;
			files = (
				3F5F45E8261726F2002D7200 /* LaunchScreen.storyboard in Resources */,
				3F5F45E5261726F2002D7200 /* Assets.xcassets in Resources */,
				3F5F45E0261726F2002D7200 /* Main.storyboard in Resources */,
			);
			runOnlyForDeploymentPostprocessing = 0;
		};
/* End PBXResourcesBuildPhase section */

/* Begin PBXSourcesBuildPhase section */
		3F5F45D1261726F2002D7200 /* Sources */ = {
			isa = PBXSourcesBuildPhase;
			buildActionMask = 2147483647;
			files = (
				3F5F45DD261726F2002D7200 /* ViewController.swift in Sources */,
				3F5F45D9261726F2002D7200 /* AppDelegate.swift in Sources */,
				3F5F45E3261726F2002D7200 /* Bmi1.xcdatamodeld in Sources */,
				3F5F45DB261726F2002D7200 /* SceneDelegate.swift in Sources */,
			);
			runOnlyForDeploymentPostprocessing = 0;
		};
/* End PBXSourcesBuildPhase section */

/* Begin PBXVariantGroup section */
		3F5F45DE261726F2002D7200 /* Main.storyboard */ = {
			isa = PBXVariantGroup;
			children = (
				3F5F45DF261726F2002D7200 /* Base */,
			);
			name = Main.storyboard;
			sourceTree = "<group>";
		};
		3F5F45E6261726F2002D7200 /* LaunchScreen.storyboard */ = {
			isa = PBXVariantGroup;
			children = (
				3F5F45E7261726F2002D7200 /* Base */,
			);
			name = LaunchScreen.storyboard;
			sourceTree = "<group>";
		};
/* End PBXVariantGroup section */

/* Begin XCBuildConfiguration section */
		3F5F45EA261726F2002D7200 /* Debug */ = {
			isa = XCBuildConfiguration;
			buildSettings = {
				ALWAYS_SEARCH_USER_PATHS = NO;
				CLANG_ANALYZER_NONNULL = YES;
				CLANG_ANALYZER_NUMBER_OBJECT_CONVERSION = YES_AGGRESSIVE;
				CLANG_CXX_LANGUAGE_STANDARD = "gnu++14";
				CLANG_CXX_LIBRARY = "libc++";
				CLANG_ENABLE_MODULES = YES;
				CLANG_ENABLE_OBJC_ARC = YES;
				CLANG_ENABLE_OBJC_WEAK = YES;
				CLANG_WARN_BLOCK_CAPTURE_AUTORELEASING = YES;
				CLANG_WARN_BOOL_CONVERSION = YES;
				CLANG_WARN_COMMA = YES;
				CLANG_WARN_CONSTANT_CONVERSION = YES;
				CLANG_WARN_DEPRECATED_OBJC_IMPLEMENTATIONS = YES;
				CLANG_WARN_DIRECT_OBJC_ISA_USAGE = YES_ERROR;
				CLANG_WARN_DOCUMENTATION_COMMENTS = YES;
				CLANG_WARN_EMPTY_BODY = YES;
				CLANG_WARN_ENUM_CONVERSION = YES;
				CLANG_WARN_INFINITE_RECURSION = YES;
				CLANG_WARN_INT_CONVERSION = YES;
				CLANG_WARN_NON_LITERAL_NULL_CONVERSION = YES;
				CLANG_WARN_OBJC_IMPLICIT_RETAIN_SELF = YES;
				CLANG_WARN_OBJC_LITERAL_CONVERSION = YES;
				CLANG_WARN_OBJC_ROOT_CLASS = YES_ERROR;
				CLANG_WARN_QUOTED_INCLUDE_IN_FRAMEWORK_HEADER = YES;
				CLANG_WARN_RANGE_LOOP_ANALYSIS = YES;
				CLANG_WARN_STRICT_PROTOTYPES = YES;
				CLANG_WARN_SUSPICIOUS_MOVE = YES;
				CLANG_WARN_UNGUARDED_AVAILABILITY = YES_AGGRESSIVE;
				CLANG_WARN_UNREACHABLE_CODE = YES;
				CLANG_WARN__DUPLICATE_METHOD_MATCH = YES;
				COPY_PHASE_STRIP = NO;
				DEBUG_INFORMATION_FORMAT = dwarf;
				ENABLE_STRICT_OBJC_MSGSEND = YES;
				ENABLE_TESTABILITY = YES;
				GCC_C_LANGUAGE_STANDARD = gnu11;
				GCC_DYNAMIC_NO_PIC = NO;
				GCC_NO_COMMON_BLOCKS = YES;
				GCC_OPTIMIZATION_LEVEL = 0;
				GCC_PREPROCESSOR_DEFINITIONS = (
					"DEBUG=1",
					"$(inherited)",
				);
				GCC_WARN_64_TO_32_BIT_CONVERSION = YES;
				GCC_WARN_ABOUT_RETURN_TYPE = YES_ERROR;
				GCC_WARN_UNDECLARED_SELECTOR = YES;
				GCC_WARN_UNINITIALIZED_AUTOS = YES_AGGRESSIVE;
				GCC_WARN_UNUSED_FUNCTION = YES;
				GCC_WARN_UNUSED_VARIABLE = YES;
				IPHONEOS_DEPLOYMENT_TARGET = 14.4;
				MTL_ENABLE_DEBUG_INFO = INCLUDE_SOURCE;
				MTL_FAST_MATH = YES;
				ONLY_ACTIVE_ARCH = YES;
				SDKROOT = iphoneos;
				SWIFT_ACTIVE_COMPILATION_CONDITIONS = DEBUG;
				SWIFT_OPTIMIZATION_LEVEL = "-Onone";
			};
			name = Debug;
		};
		3F5F45EB261726F2002D7200 /* Release */ = {
			isa = XCBuildConfiguration;
			buildSettings = {
				ALWAYS_SEARCH_USER_PATHS = NO;
				CLANG_ANALYZER_NONNULL = YES;
				CLANG_ANALYZER_NUMBER_OBJECT_CONVERSION = YES_AGGRESSIVE;
				CLANG_CXX_LANGUAGE_STANDARD = "gnu++14";
				CLANG_CXX_LIBRARY = "libc++";
				CLANG_ENABLE_MODULES = YES;
				CLANG_ENABLE_OBJC_ARC = YES;
				CLANG_ENABLE_OBJC_WEAK = YES;
				CLANG_WARN_BLOCK_CAPTURE_AUTORELEASING = YES;
				CLANG_WARN_BOOL_CONVERSION = YES;
				CLANG_WARN_COMMA = YES;
				CLANG_WARN_CONSTANT_CONVERSION = YES;
				CLANG_WARN_DEPRECATED_OBJC_IMPLEMENTATIONS = YES;
				CLANG_WARN_DIRECT_OBJC_ISA_USAGE = YES_ERROR;
				CLANG_WARN_DOCUMENTATION_COMMENTS = YES;
				CLANG_WARN_EMPTY_BODY = YES;
				CLANG_WARN_ENUM_CONVERSION = YES;
				CLANG_WARN_INFINITE_RECURSION = YES;
				CLANG_WARN_INT_CONVERSION = YES;
				CLANG_WARN_NON_LITERAL_NULL_CONVERSION = YES;
				CLANG_WARN_OBJC_IMPLICIT_RETAIN_SELF = YES;
				CLANG_WARN_OBJC_LITERAL_CONVERSION = YES;
				CLANG_WARN_OBJC_ROOT_CLASS = YES_ERROR;
				CLANG_WARN_QUOTED_INCLUDE_IN_FRAMEWORK_HEADER = YES;
				CLANG_WARN_RANGE_LOOP_ANALYSIS = YES;
				CLANG_WARN_STRICT_PROTOTYPES = YES;
				CLANG_WARN_SUSPICIOUS_MOVE = YES;
				CLANG_WARN_UNGUARDED_AVAILABILITY = YES_AGGRESSIVE;
				CLANG_WARN_UNREACHABLE_CODE = YES;
				CLANG_WARN__DUPLICATE_METHOD_MATCH = YES;
				COPY_PHASE_STRIP = NO;
				DEBUG_INFORMATION_FORMAT = "dwarf-with-dsym";
				ENABLE_NS_ASSERTIONS = NO;
				ENABLE_STRICT_OBJC_MSGSEND = YES;
				GCC_C_LANGUAGE_STANDARD = gnu11;
				GCC_NO_COMMON_BLOCKS = YES;
				GCC_WARN_64_TO_32_BIT_CONVERSION = YES;
				GCC_WARN_ABOUT_RETURN_TYPE = YES_ERROR;
				GCC_WARN_UNDECLARED_SELECTOR = YES;
				GCC_WARN_UNINITIALIZED_AUTOS = YES_AGGRESSIVE;
				GCC_WARN_UNUSED_FUNCTION = YES;
				GCC_WARN_UNUSED_VARIABLE = YES;
				IPHONEOS_DEPLOYMENT_TARGET = 14.4;
				MTL_ENABLE_DEBUG_INFO = NO;
				MTL_FAST_MATH = YES;
				SDKROOT = iphoneos;
				SWIFT_COMPILATION_MODE = wholemodule;
				SWIFT_OPTIMIZATION_LEVEL = "-O";
				VALIDATE_PRODUCT = YES;
			};
			name = Release;
		};
		3F5F45ED261726F2002D7200 /* Debug */ = {
			isa = XCBuildConfiguration;
			buildSettings = {
				ASSETCATALOG_COMPILER_APPICON_NAME = AppIcon;
				ASSETCATALOG_COMPILER_GLOBAL_ACCENT_COLOR_NAME = AccentColor;
				CODE_SIGN_STYLE = Automatic;
				DEVELOPMENT_TEAM = 43GD4RTJWG;
				INFOPLIST_FILE = Bmi1/Info.plist;
				LD_RUNPATH_SEARCH_PATHS = (
					"$(inherited)",
					"@executable_path/Frameworks",
				);
				PRODUCT_BUNDLE_IDENTIFIER = corp.zaf.Bmi1;
				PRODUCT_NAME = "$(TARGET_NAME)";
				SWIFT_VERSION = 5.0;
				TARGETED_DEVICE_FAMILY = "1,2";
			};
			name = Debug;
		};
		3F5F45EE261726F2002D7200 /* Release */ = {
			isa = XCBuildConfiguration;
			buildSettings = {
				ASSETCATALOG_COMPILER_APPICON_NAME = AppIcon;
				ASSETCATALOG_COMPILER_GLOBAL_ACCENT_COLOR_NAME = AccentColor;
				CODE_SIGN_STYLE = Automatic;
				DEVELOPMENT_TEAM = 43GD4RTJWG;
				INFOPLIST_FILE = Bmi1/Info.plist;
				LD_RUNPATH_SEARCH_PATHS = (
					"$(inherited)",
					"@executable_path/Frameworks",
				);
				PRODUCT_BUNDLE_IDENTIFIER = corp.zaf.Bmi1;
				PRODUCT_NAME = "$(TARGET_NAME)";
				SWIFT_VERSION = 5.0;
				TARGETED_DEVICE_FAMILY = "1,2";
			};
			name = Release;
		};
/* End XCBuildConfiguration section */

/* Begin XCConfigurationList section */
		3F5F45D0261726F2002D7200 /* Build configuration list for PBXProject "Bmi1" */ = {
			isa = XCConfigurationList;
			buildConfigurations = (
				3F5F45EA261726F2002D7200 /* Debug */,
				3F5F45EB261726F2002D7200 /* Release */,
			);
			defaultConfigurationIsVisible = 0;
			defaultConfigurationName = Release;
		};
		3F5F45EC261726F2002D7200 /* Build configuration list for PBXNativeTarget "Bmi1" */ = {
			isa = XCConfigurationList;
			buildConfigurations = (
				3F5F45ED261726F2002D7200 /* Debug */,
				3F5F45EE261726F2002D7200 /* Release */,
			);
			defaultConfigurationIsVisible = 0;
			defaultConfigurationName = Release;
		};
/* End XCConfigurationList section */

/* Begin XCVersionGroup section */
		3F5F45E1261726F2002D7200 /* Bmi1.xcdatamodeld */ = {
			isa = XCVersionGroup;
			children = (
				3F5F45E2261726F2002D7200 /* Bmi1.xcdatamodel */,
			);
			currentVersion = 3F5F45E2261726F2002D7200 /* Bmi1.xcdatamodel */;
			path = Bmi1.xcdatamodeld;
			sourceTree = "<group>";
			versionGroupType = wrapper.xcdatamodel;
		};
/* End XCVersionGroup section */
	};
	rootObject = 3F5F45CD261726F2002D7200 /* Project object */;
}
